
Microsoft Visual Studio Solution File, Format Version 12.00
# Visual Studio 15
VisualStudioVersion = 15.0.35213.121
MinimumVisualStudioVersion = 10.0.40219.1
Project("{FAE04EC0-301F-11D3-BF4B-00C04F79EFBC}") = "6. hafta soru9", "6. hafta soru9\6. hafta soru9.csproj", "{B9C112EF-0B13-4EE6-84F4-E77E984FD934}"
EndProject
Global
	GlobalSection(SolutionConfigurationPlatforms) = preSolution
		Debug|Any CPU = Debug|Any CPU
		Release|Any CPU = Release|Any CPU
	EndGlobalSection
	GlobalSection(ProjectConfigurationPlatforms) = postSolution
		{B9C112EF-0B13-4EE6-84F4-E77E984FD934}.Debug|Any CPU.ActiveCfg = Debug|Any CPU
		{B9C112EF-0B13-4EE6-84F4-E77E984FD934}.Debug|Any CPU.Build.0 = Debug|Any CPU
		{B9C112EF-0B13-4EE6-84F4-E77E984FD934}.Release|Any CPU.ActiveCfg = Release|Any CPU
		{B9C112EF-0B13-4EE6-84F4-E77E984FD934}.Release|Any CPU.Build.0 = Release|Any CPU
	EndGlobalSection
	GlobalSection(SolutionProperties) = preSolution
		HideSolutionNode = FALSE
	EndGlobalSection
	GlobalSection(ExtensibilityGlobals) = postSolution
		SolutionGuid = {AAA3E58C-8B96-47C3-BAF5-3D99B263744A}
	EndGlobalSection
EndGlobal
