
Microsoft Visual Studio Solution File, Format Version 12.00
# Visual Studio 15
VisualStudioVersion = 15.0.35213.121
MinimumVisualStudioVersion = 10.0.40219.1
Project("{FAE04EC0-301F-11D3-BF4B-00C04F79EFBC}") = "6.haftasoru10", "6.haftasoru10\6.haftasoru10.csproj", "{91F5371E-4F3D-42B3-9637-154A08CC4161}"
EndProject
Global
	GlobalSection(SolutionConfigurationPlatforms) = preSolution
		Debug|Any CPU = Debug|Any CPU
		Release|Any CPU = Release|Any CPU
	EndGlobalSection
	GlobalSection(ProjectConfigurationPlatforms) = postSolution
		{91F5371E-4F3D-42B3-9637-154A08CC4161}.Debug|Any CPU.ActiveCfg = Debug|Any CPU
		{91F5371E-4F3D-42B3-9637-154A08CC4161}.Debug|Any CPU.Build.0 = Debug|Any CPU
		{91F5371E-4F3D-42B3-9637-154A08CC4161}.Release|Any CPU.ActiveCfg = Release|Any CPU
		{91F5371E-4F3D-42B3-9637-154A08CC4161}.Release|Any CPU.Build.0 = Release|Any CPU
	EndGlobalSection
	GlobalSection(SolutionProperties) = preSolution
		HideSolutionNode = FALSE
	EndGlobalSection
	GlobalSection(ExtensibilityGlobals) = postSolution
		SolutionGuid = {DD5AA1A4-68B3-4FB4-AD92-95FF6C909CE2}
	EndGlobalSection
EndGlobal
