
Microsoft Visual Studio Solution File, Format Version 12.00
# Visual Studio 15
VisualStudioVersion = 15.0.35213.121
MinimumVisualStudioVersion = 10.0.40219.1
Project("{FAE04EC0-301F-11D3-BF4B-00C04F79EFBC}") = "6.hafta soru8", "6.hafta soru8\6.hafta soru8.csproj", "{72B3D345-4F36-4080-B759-219E0285C081}"
EndProject
Global
	GlobalSection(SolutionConfigurationPlatforms) = preSolution
		Debug|Any CPU = Debug|Any CPU
		Release|Any CPU = Release|Any CPU
	EndGlobalSection
	GlobalSection(ProjectConfigurationPlatforms) = postSolution
		{72B3D345-4F36-4080-B759-219E0285C081}.Debug|Any CPU.ActiveCfg = Debug|Any CPU
		{72B3D345-4F36-4080-B759-219E0285C081}.Debug|Any CPU.Build.0 = Debug|Any CPU
		{72B3D345-4F36-4080-B759-219E0285C081}.Release|Any CPU.ActiveCfg = Release|Any CPU
		{72B3D345-4F36-4080-B759-219E0285C081}.Release|Any CPU.Build.0 = Release|Any CPU
	EndGlobalSection
	GlobalSection(SolutionProperties) = preSolution
		HideSolutionNode = FALSE
	EndGlobalSection
	GlobalSection(ExtensibilityGlobals) = postSolution
		SolutionGuid = {3CC50D68-43D6-413F-AC17-8BA11461F610}
	EndGlobalSection
EndGlobal
